
Microsoft Visual Studio Solution File, Format Version 12.00
# Visual Studio Version 17
VisualStudioVersion = 17.6.33815.320
MinimumVisualStudioVersion = 10.0.40219.1
Project("{FAE04EC0-301F-11D3-BF4B-00C04F79EFBC}") = "DebuggerDisplayAttribute", "DebuggerDisplayAttribute\DebuggerDisplayAttribute.csproj", "{70161FEB-9FEA-4B7D-BFFF-A8CAD6A8D467}"
EndProject
Global
	GlobalSection(SolutionConfigurationPlatforms) = preSolution
		Debug|Any CPU = Debug|Any CPU
		Release|Any CPU = Release|Any CPU
	EndGlobalSection
	GlobalSection(ProjectConfigurationPlatforms) = postSolution
		{70161FEB-9FEA-4B7D-BFFF-A8CAD6A8D467}.Debug|Any CPU.ActiveCfg = Debug|Any CPU
		{70161FEB-9FEA-4B7D-BFFF-A8CAD6A8D467}.Debug|Any CPU.Build.0 = Debug|Any CPU
		{70161FEB-9FEA-4B7D-BFFF-A8CAD6A8D467}.Release|Any CPU.ActiveCfg = Release|Any CPU
		{70161FEB-9FEA-4B7D-BFFF-A8CAD6A8D467}.Release|Any CPU.Build.0 = Release|Any CPU
	EndGlobalSection
	GlobalSection(SolutionProperties) = preSolution
		HideSolutionNode = FALSE
	EndGlobalSection
	GlobalSection(ExtensibilityGlobals) = postSolution
		SolutionGuid = {5360FCEE-9BB1-4B37-9162-A6A46E2C2C34}
	EndGlobalSection
EndGlobal
